
Microsoft Visual Studio Solution File, Format Version 12.00
# Visual Studio Version 17
VisualStudioVersion = 17.3.32825.248
MinimumVisualStudioVersion = 10.0.40219.1
Project("{9A19103F-16F7-4668-BE54-9A1E7A4F7556}") = "shopping-bag", "shopping-bag.csproj", "{70913C28-F5D2-41B6-8C4F-BFFF30A7978A}"
EndProject
Project("{E53339B2-1760-4266-BCC7-CA923CBCF16C}") = "docker-compose", "docker-compose.dcproj", "{0C5BD3BA-C133-4835-B90A-DD0C0684FA81}"
EndProject
Project("{FAE04EC0-301F-11D3-BF4B-00C04F79EFBC}") = "shopping-bag-unit-tests", "shopping-bag-unit-tests\shopping-bag-unit-tests.csproj", "{98CDDB52-D2E4-43C9-AC8C-BF0609671165}"
EndProject
Global
	GlobalSection(SolutionConfigurationPlatforms) = preSolution
		Debug|Any CPU = Debug|Any CPU
		Release|Any CPU = Release|Any CPU
	EndGlobalSection
	GlobalSection(ProjectConfigurationPlatforms) = postSolution
		{70913C28-F5D2-41B6-8C4F-BFFF30A7978A}.Debug|Any CPU.ActiveCfg = Debug|Any CPU
		{70913C28-F5D2-41B6-8C4F-BFFF30A7978A}.Debug|Any CPU.Build.0 = Debug|Any CPU
		{70913C28-F5D2-41B6-8C4F-BFFF30A7978A}.Release|Any CPU.ActiveCfg = Release|Any CPU
		{70913C28-F5D2-41B6-8C4F-BFFF30A7978A}.Release|Any CPU.Build.0 = Release|Any CPU
		{0C5BD3BA-C133-4835-B90A-DD0C0684FA81}.Debug|Any CPU.ActiveCfg = Debug|Any CPU
		{0C5BD3BA-C133-4835-B90A-DD0C0684FA81}.Debug|Any CPU.Build.0 = Debug|Any CPU
		{0C5BD3BA-C133-4835-B90A-DD0C0684FA81}.Release|Any CPU.ActiveCfg = Release|Any CPU
		{0C5BD3BA-C133-4835-B90A-DD0C0684FA81}.Release|Any CPU.Build.0 = Release|Any CPU
		{98CDDB52-D2E4-43C9-AC8C-BF0609671165}.Debug|Any CPU.ActiveCfg = Debug|Any CPU
		{98CDDB52-D2E4-43C9-AC8C-BF0609671165}.Debug|Any CPU.Build.0 = Debug|Any CPU
		{98CDDB52-D2E4-43C9-AC8C-BF0609671165}.Release|Any CPU.ActiveCfg = Release|Any CPU
		{98CDDB52-D2E4-43C9-AC8C-BF0609671165}.Release|Any CPU.Build.0 = Release|Any CPU
	EndGlobalSection
	GlobalSection(SolutionProperties) = preSolution
		HideSolutionNode = FALSE
	EndGlobalSection
	GlobalSection(ExtensibilityGlobals) = postSolution
		SolutionGuid = {3ACC06E2-38BE-433C-AE9B-783DB9C2113B}
	EndGlobalSection
EndGlobal
